{
  "lockfileVersion": 1,
  "workspaces": {
    "": {
      "name": "@framework/core",
      "dependencies": {
        "zod": "^3.25.75",
      },
    },
  },
  "packages": {
    "zod": ["zod@3.25.75", "", {}, "sha512-OhpzAmVzabPOL6C3A3gpAifqr9MqihV/Msx3gor2b2kviCgcb+HM9SEOpMWwwNp9MRunWnhtAKUoo0AHhjyPPg=="],
  }
}
